
Microsoft Visual Studio Solution File, Format Version 12.00
# Visual Studio Version 17
VisualStudioVersion = 17.11.35431.28
MinimumVisualStudioVersion = 10.0.40219.1
Project("{FAE04EC0-301F-11D3-BF4B-00C04F79EFBC}") = "ascii.cli", "ascii.cli\ascii.cli.csproj", "{6C9DBC34-62CF-429F-88A2-77EA58534E52}"
EndProject
Global
	GlobalSection(SolutionConfigurationPlatforms) = preSolution
		Debug|Any CPU = Debug|Any CPU
		Release|Any CPU = Release|Any CPU
	EndGlobalSection
	GlobalSection(ProjectConfigurationPlatforms) = postSolution
		{6C9DBC34-62CF-429F-88A2-77EA58534E52}.Debug|Any CPU.ActiveCfg = Debug|Any CPU
		{6C9DBC34-62CF-429F-88A2-77EA58534E52}.Debug|Any CPU.Build.0 = Debug|Any CPU
		{6C9DBC34-62CF-429F-88A2-77EA58534E52}.Release|Any CPU.ActiveCfg = Release|Any CPU
		{6C9DBC34-62CF-429F-88A2-77EA58534E52}.Release|Any CPU.Build.0 = Release|Any CPU
	EndGlobalSection
	GlobalSection(SolutionProperties) = preSolution
		HideSolutionNode = FALSE
	EndGlobalSection
	GlobalSection(ExtensibilityGlobals) = postSolution
		SolutionGuid = {611963CA-0393-4C1A-9521-0F7B8BD9EC60}
	EndGlobalSection
EndGlobal
